// !$*UTF8*$!
{
	archiveVersion = 1;
	classes = {
	};
	objectVersion = 46;
	objects = {

/* Begin PBXBuildFile section */
		676F4E28182D9ED200E1687F /* InfoPlist.strings in Resources */ = {isa = PBXBuildFile; fileRef = 676F4E26182D9ED200E1687F /* InfoPlist.strings */; };
		676F4E2D182D9F1200E1687F /* CoreFoundation.framework in Frameworks */ = {isa = PBXBuildFile; fileRef = E45BE9760E8CC7DD009D7055 /* CoreFoundation.framework */; };
		676F4E32182DA1DB00E1687F /* ofxAfterEffects.r in Rez */ = {isa = PBXBuildFile; fileRef = 676F4E30182DA0E700E1687F /* ofxAfterEffects.r */; };
		676F4E3B182DA84200E1687F /* ofxAfterEffects.cpp in Sources */ = {isa = PBXBuildFile; fileRef = 676F4E39182DA62F00E1687F /* ofxAfterEffects.cpp */; };
		676F4E3C182DA84200E1687F /* ofxAfterEffects_Strings.cpp in Sources */ = {isa = PBXBuildFile; fileRef = 676F4E37182DA62F00E1687F /* ofxAfterEffects_Strings.cpp */; };
		676F4E3D182DA9AD00E1687F /* MissingSuiteError.cpp in Sources */ = {isa = PBXBuildFile; fileRef = 677257DA182C7D9B001421CB /* MissingSuiteError.cpp */; };
		676F4E3E182DA9E200E1687F /* AEGP_SuiteHandler.cpp in Sources */ = {isa = PBXBuildFile; fileRef = 677257D4182C7D9B001421CB /* AEGP_SuiteHandler.cpp */; };
		67C8859018167DD30046C13D /* ofApp.cpp in Sources */ = {isa = PBXBuildFile; fileRef = 67C8858E18167DD30046C13D /* ofApp.cpp */; };
		BBAB23CB13894F3D00AA2426 /* GLUT.framework in CopyFiles */ = {isa = PBXBuildFile; fileRef = BBAB23BE13894E4700AA2426 /* GLUT.framework */; };
		E4328149138ABC9F0047C5CB /* openFrameworksDebug.a in Frameworks */ = {isa = PBXBuildFile; fileRef = E4328148138ABC890047C5CB /* openFrameworksDebug.a */; };
		E45BE97B0E8CC7DD009D7055 /* AGL.framework in Frameworks */ = {isa = PBXBuildFile; fileRef = E45BE9710E8CC7DD009D7055 /* AGL.framework */; };
		E45BE97C0E8CC7DD009D7055 /* ApplicationServices.framework in Frameworks */ = {isa = PBXBuildFile; fileRef = E45BE9720E8CC7DD009D7055 /* ApplicationServices.framework */; };
		E45BE97D0E8CC7DD009D7055 /* AudioToolbox.framework in Frameworks */ = {isa = PBXBuildFile; fileRef = E45BE9730E8CC7DD009D7055 /* AudioToolbox.framework */; };
		E45BE97E0E8CC7DD009D7055 /* Carbon.framework in Frameworks */ = {isa = PBXBuildFile; fileRef = E45BE9740E8CC7DD009D7055 /* Carbon.framework */; };
		E45BE97F0E8CC7DD009D7055 /* CoreAudio.framework in Frameworks */ = {isa = PBXBuildFile; fileRef = E45BE9750E8CC7DD009D7055 /* CoreAudio.framework */; };
		E45BE9800E8CC7DD009D7055 /* CoreFoundation.framework in Frameworks */ = {isa = PBXBuildFile; fileRef = E45BE9760E8CC7DD009D7055 /* CoreFoundation.framework */; };
		E45BE9810E8CC7DD009D7055 /* CoreServices.framework in Frameworks */ = {isa = PBXBuildFile; fileRef = E45BE9770E8CC7DD009D7055 /* CoreServices.framework */; };
		E45BE9830E8CC7DD009D7055 /* OpenGL.framework in Frameworks */ = {isa = PBXBuildFile; fileRef = E45BE9790E8CC7DD009D7055 /* OpenGL.framework */; };
		E45BE9840E8CC7DD009D7055 /* QuickTime.framework in Frameworks */ = {isa = PBXBuildFile; fileRef = E45BE97A0E8CC7DD009D7055 /* QuickTime.framework */; };
		E4B69E200A3A1BDC003C02F2 /* main.cpp in Sources */ = {isa = PBXBuildFile; fileRef = E4B69E1D0A3A1BDC003C02F2 /* main.cpp */; };
		E4C2424710CC5A17004149E2 /* AppKit.framework in Frameworks */ = {isa = PBXBuildFile; fileRef = E4C2424410CC5A17004149E2 /* AppKit.framework */; };
		E4C2424810CC5A17004149E2 /* Cocoa.framework in Frameworks */ = {isa = PBXBuildFile; fileRef = E4C2424510CC5A17004149E2 /* Cocoa.framework */; };
		E4C2424910CC5A17004149E2 /* IOKit.framework in Frameworks */ = {isa = PBXBuildFile; fileRef = E4C2424610CC5A17004149E2 /* IOKit.framework */; };
		E4EB6799138ADC1D00A09F29 /* GLUT.framework in Frameworks */ = {isa = PBXBuildFile; fileRef = BBAB23BE13894E4700AA2426 /* GLUT.framework */; };
		E7E077E515D3B63C0020DFD4 /* CoreVideo.framework in Frameworks */ = {isa = PBXBuildFile; fileRef = E7E077E415D3B63C0020DFD4 /* CoreVideo.framework */; };
		E7E077E815D3B6510020DFD4 /* QTKit.framework in Frameworks */ = {isa = PBXBuildFile; fileRef = E7E077E715D3B6510020DFD4 /* QTKit.framework */; };
		E7F985F815E0DEA3003869B5 /* Accelerate.framework in Frameworks */ = {isa = PBXBuildFile; fileRef = E7F985F515E0DE99003869B5 /* Accelerate.framework */; };
/* End PBXBuildFile section */

/* Begin PBXContainerItemProxy section */
		E4328147138ABC890047C5CB /* PBXContainerItemProxy */ = {
			isa = PBXContainerItemProxy;
			containerPortal = E4328143138ABC890047C5CB /* openFrameworksLib.xcodeproj */;
			proxyType = 2;
			remoteGlobalIDString = E4B27C1510CBEB8E00536013;
			remoteInfo = openFrameworks;
		};
		E4EEB9AB138B136A00A80321 /* PBXContainerItemProxy */ = {
			isa = PBXContainerItemProxy;
			containerPortal = E4328143138ABC890047C5CB /* openFrameworksLib.xcodeproj */;
			proxyType = 1;
			remoteGlobalIDString = E4B27C1410CBEB8E00536013;
			remoteInfo = openFrameworks;
		};
/* End PBXContainerItemProxy section */

/* Begin PBXCopyFilesBuildPhase section */
		E4C2427710CC5ABF004149E2 /* CopyFiles */ = {
			isa = PBXCopyFilesBuildPhase;
			buildActionMask = 2147483647;
			dstPath = "";
			dstSubfolderSpec = 10;
			files = (
				BBAB23CB13894F3D00AA2426 /* GLUT.framework in CopyFiles */,
			);
			runOnlyForDeploymentPostprocessing = 0;
		};
/* End PBXCopyFilesBuildPhase section */

/* Begin PBXFileReference section */
		676F4E1F182D9ED200E1687F /* plugin.plugin */ = {isa = PBXFileReference; explicitFileType = wrapper.cfbundle; includeInIndex = 0; path = plugin.plugin; sourceTree = BUILT_PRODUCTS_DIR; };
		676F4E25182D9ED200E1687F /* plugin-Info.plist */ = {isa = PBXFileReference; lastKnownFileType = text.plist.xml; path = "plugin-Info.plist"; sourceTree = "<group>"; };
		676F4E27182D9ED200E1687F /* en */ = {isa = PBXFileReference; lastKnownFileType = text.plist.strings; name = en; path = en.lproj/InfoPlist.strings; sourceTree = "<group>"; };
		676F4E29182D9ED200E1687F /* plugin-Prefix.pch */ = {isa = PBXFileReference; lastKnownFileType = sourcecode.c.h; path = "plugin-Prefix.pch"; sourceTree = "<group>"; };
		676F4E30182DA0E700E1687F /* ofxAfterEffects.r */ = {isa = PBXFileReference; lastKnownFileType = sourcecode.rez; path = ofxAfterEffects.r; sourceTree = "<group>"; };
		676F4E37182DA62F00E1687F /* ofxAfterEffects_Strings.cpp */ = {isa = PBXFileReference; lastKnownFileType = sourcecode.cpp.cpp; path = ofxAfterEffects_Strings.cpp; sourceTree = "<group>"; };
		676F4E38182DA62F00E1687F /* ofxAfterEffects_Strings.h */ = {isa = PBXFileReference; lastKnownFileType = sourcecode.c.h; path = ofxAfterEffects_Strings.h; sourceTree = "<group>"; };
		676F4E39182DA62F00E1687F /* ofxAfterEffects.cpp */ = {isa = PBXFileReference; lastKnownFileType = sourcecode.cpp.cpp; path = ofxAfterEffects.cpp; sourceTree = "<group>"; };
		676F4E3A182DA62F00E1687F /* ofxAfterEffects.h */ = {isa = PBXFileReference; lastKnownFileType = sourcecode.c.h; path = ofxAfterEffects.h; sourceTree = "<group>"; };
		67725782182C7D9A001421CB /* After_Effects_SDK_Guide.pdf */ = {isa = PBXFileReference; lastKnownFileType = image.pdf; path = After_Effects_SDK_Guide.pdf; sourceTree = "<group>"; };
		67725785182C7D9A001421CB /* A.h */ = {isa = PBXFileReference; fileEncoding = 4; lastKnownFileType = sourcecode.c.h; path = A.h; sourceTree = "<group>"; };
		67725788182C7D9A001421CB /* AdobesdkTypes.h */ = {isa = PBXFileReference; fileEncoding = 4; lastKnownFileType = sourcecode.c.h; path = AdobesdkTypes.h; sourceTree = "<group>"; };
		67725789182C7D9A001421CB /* PostConfig.h */ = {isa = PBXFileReference; fileEncoding = 4; lastKnownFileType = sourcecode.c.h; path = PostConfig.h; sourceTree = "<group>"; };
		6772578A182C7D9A001421CB /* PreConfig.h */ = {isa = PBXFileReference; fileEncoding = 4; lastKnownFileType = sourcecode.c.h; path = PreConfig.h; sourceTree = "<group>"; };
		6772578C182C7D9A001421CB /* DrawbotSuiteTypes.h */ = {isa = PBXFileReference; fileEncoding = 4; lastKnownFileType = sourcecode.c.h; path = DrawbotSuiteTypes.h; sourceTree = "<group>"; };
		6772578D182C7D9A001421CB /* DrawbotSuite.h */ = {isa = PBXFileReference; fileEncoding = 4; lastKnownFileType = sourcecode.c.h; path = DrawbotSuite.h; sourceTree = "<group>"; };
		6772578E182C7D9A001421CB /* AE_AdvEffectSuites.h */ = {isa = PBXFileReference; fileEncoding = 4; lastKnownFileType = sourcecode.c.h; path = AE_AdvEffectSuites.h; sourceTree = "<group>"; };
		6772578F182C7D9A001421CB /* AE_CacheOnLoadSuite.h */ = {isa = PBXFileReference; fileEncoding = 4; lastKnownFileType = sourcecode.c.h; path = AE_CacheOnLoadSuite.h; sourceTree = "<group>"; };
		67725790182C7D9A001421CB /* AE_ChannelSuites.h */ = {isa = PBXFileReference; fileEncoding = 4; lastKnownFileType = sourcecode.c.h; path = AE_ChannelSuites.h; sourceTree = "<group>"; };
		67725791182C7D9A001421CB /* AE_CreatorInfo.h */ = {isa = PBXFileReference; fileEncoding = 4; lastKnownFileType = sourcecode.c.h; path = AE_CreatorInfo.h; sourceTree = "<group>"; };
		67725792182C7D9A001421CB /* AE_Effect.h */ = {isa = PBXFileReference; fileEncoding = 4; lastKnownFileType = sourcecode.c.h; path = AE_Effect.h; sourceTree = "<group>"; };
		67725793182C7D9A001421CB /* AE_EffectCB.h */ = {isa = PBXFileReference; fileEncoding = 4; lastKnownFileType = sourcecode.c.h; path = AE_EffectCB.h; sourceTree = "<group>"; };
		67725794182C7D9A001421CB /* AE_EffectCBSuites.h */ = {isa = PBXFileReference; fileEncoding = 4; lastKnownFileType = sourcecode.c.h; path = AE_EffectCBSuites.h; sourceTree = "<group>"; };
		67725795182C7D9A001421CB /* AE_EffectPixelFormat.h */ = {isa = PBXFileReference; fileEncoding = 4; lastKnownFileType = sourcecode.c.h; path = AE_EffectPixelFormat.h; sourceTree = "<group>"; };
		67725796182C7D9A001421CB /* AE_EffectSuites.h */ = {isa = PBXFileReference; fileEncoding = 4; lastKnownFileType = sourcecode.c.h; path = AE_EffectSuites.h; sourceTree = "<group>"; };
		67725797182C7D9A001421CB /* AE_EffectSuitesHelper.h */ = {isa = PBXFileReference; fileEncoding = 4; lastKnownFileType = sourcecode.c.h; path = AE_EffectSuitesHelper.h; sourceTree = "<group>"; };
		67725798182C7D9A001421CB /* AE_EffectSuitesOld.h */ = {isa = PBXFileReference; fileEncoding = 4; lastKnownFileType = sourcecode.c.h; path = AE_EffectSuitesOld.h; sourceTree = "<group>"; };
		67725799182C7D9A001421CB /* AE_EffectUI.h */ = {isa = PBXFileReference; fileEncoding = 4; lastKnownFileType = sourcecode.c.h; path = AE_EffectUI.h; sourceTree = "<group>"; };
		6772579A182C7D9A001421CB /* AE_EffectVers.h */ = {isa = PBXFileReference; fileEncoding = 4; lastKnownFileType = sourcecode.c.h; path = AE_EffectVers.h; sourceTree = "<group>"; };
		6772579B182C7D9A001421CB /* AE_FPF.h */ = {isa = PBXFileReference; fileEncoding = 4; lastKnownFileType = sourcecode.c.h; path = AE_FPF.h; sourceTree = "<group>"; };
		6772579C182C7D9A001421CB /* AE_GeneralPlug.h */ = {isa = PBXFileReference; fileEncoding = 4; lastKnownFileType = sourcecode.c.h; path = AE_GeneralPlug.h; sourceTree = "<group>"; };
		6772579D182C7D9A001421CB /* AE_GeneralPlugOld.h */ = {isa = PBXFileReference; fileEncoding = 4; lastKnownFileType = sourcecode.c.h; path = AE_GeneralPlugOld.h; sourceTree = "<group>"; };
		6772579E182C7D9A001421CB /* AE_GeneralPlugPanels.h */ = {isa = PBXFileReference; fileEncoding = 4; lastKnownFileType = sourcecode.c.h; path = AE_GeneralPlugPanels.h; sourceTree = "<group>"; };
		6772579F182C7D9A001421CB /* AE_GeneralPlugPost.h */ = {isa = PBXFileReference; fileEncoding = 4; lastKnownFileType = sourcecode.c.h; path = AE_GeneralPlugPost.h; sourceTree = "<group>"; };
		677257A0182C7D9A001421CB /* AE_GeneralPlugPre.h */ = {isa = PBXFileReference; fileEncoding = 4; lastKnownFileType = sourcecode.c.h; path = AE_GeneralPlugPre.h; sourceTree = "<group>"; };
		677257A1182C7D9A001421CB /* AE_Hook.h */ = {isa = PBXFileReference; fileEncoding = 4; lastKnownFileType = sourcecode.c.h; path = AE_Hook.h; sourceTree = "<group>"; };
		677257A2182C7D9A001421CB /* AE_IO.h */ = {isa = PBXFileReference; fileEncoding = 4; lastKnownFileType = sourcecode.c.h; path = AE_IO.h; sourceTree = "<group>"; };
		677257A3182C7D9A001421CB /* AE_IO_FileExt.h */ = {isa = PBXFileReference; fileEncoding = 4; lastKnownFileType = sourcecode.c.h; path = AE_IO_FileExt.h; sourceTree = "<group>"; };
		677257A4182C7D9A001421CB /* AE_Macros.h */ = {isa = PBXFileReference; fileEncoding = 4; lastKnownFileType = sourcecode.c.h; path = AE_Macros.h; sourceTree = "<group>"; };
		677257A5182C7D9A001421CB /* AEConfig.h */ = {isa = PBXFileReference; fileEncoding = 4; lastKnownFileType = sourcecode.c.h; path = AEConfig.h; sourceTree = "<group>"; };
		677257A6182C7D9A001421CB /* AEFX_SuiteHandlerTemplate.h */ = {isa = PBXFileReference; fileEncoding = 4; lastKnownFileType = sourcecode.c.h; path = AEFX_SuiteHandlerTemplate.h; sourceTree = "<group>"; };
		677257A7182C7D9A001421CB /* FIEL_Public.h */ = {isa = PBXFileReference; fileEncoding = 4; lastKnownFileType = sourcecode.c.h; path = FIEL_Public.h; sourceTree = "<group>"; };
		677257A8182C7D9A001421CB /* Mach-O_prefix.h */ = {isa = PBXFileReference; fileEncoding = 4; lastKnownFileType = sourcecode.c.h; path = "Mach-O_prefix.h"; sourceTree = "<group>"; };
		677257A9182C7D9A001421CB /* PF_Masks.h */ = {isa = PBXFileReference; fileEncoding = 4; lastKnownFileType = sourcecode.c.h; path = PF_Masks.h; sourceTree = "<group>"; };
		677257AA182C7D9A001421CB /* PIFormatT.h */ = {isa = PBXFileReference; fileEncoding = 4; lastKnownFileType = sourcecode.c.h; path = PIFormatT.h; sourceTree = "<group>"; };
		677257AB182C7D9A001421CB /* PR_Public.h */ = {isa = PBXFileReference; fileEncoding = 4; lastKnownFileType = sourcecode.c.h; path = PR_Public.h; sourceTree = "<group>"; };
		677257AC182C7D9A001421CB /* PrSDKAESupport.h */ = {isa = PBXFileReference; fileEncoding = 4; lastKnownFileType = sourcecode.c.h; path = PrSDKAESupport.h; sourceTree = "<group>"; };
		677257AD182C7D9A001421CB /* PrSDKPixelFormat.h */ = {isa = PBXFileReference; fileEncoding = 4; lastKnownFileType = sourcecode.c.h; path = PrSDKPixelFormat.h; sourceTree = "<group>"; };
		677257AE182C7D9A001421CB /* PT_Public.h */ = {isa = PBXFileReference; fileEncoding = 4; lastKnownFileType = sourcecode.c.h; path = PT_Public.h; sourceTree = "<group>"; };
		677257B0182C7D9B001421CB /* SPAccess.h */ = {isa = PBXFileReference; fileEncoding = 4; lastKnownFileType = sourcecode.c.h; path = SPAccess.h; sourceTree = "<group>"; };
		677257B1182C7D9B001421CB /* SPAdapts.h */ = {isa = PBXFileReference; fileEncoding = 4; lastKnownFileType = sourcecode.c.h; path = SPAdapts.h; sourceTree = "<group>"; };
		677257B2182C7D9B001421CB /* SPBasic.h */ = {isa = PBXFileReference; fileEncoding = 4; lastKnownFileType = sourcecode.c.h; path = SPBasic.h; sourceTree = "<group>"; };
		677257B3182C7D9B001421CB /* SPBckDbg.h */ = {isa = PBXFileReference; fileEncoding = 4; lastKnownFileType = sourcecode.c.h; path = SPBckDbg.h; sourceTree = "<group>"; };
		677257B4182C7D9B001421CB /* SPBlocks.h */ = {isa = PBXFileReference; fileEncoding = 4; lastKnownFileType = sourcecode.c.h; path = SPBlocks.h; sourceTree = "<group>"; };
		677257B5182C7D9B001421CB /* SPCaches.h */ = {isa = PBXFileReference; fileEncoding = 4; lastKnownFileType = sourcecode.c.h; path = SPCaches.h; sourceTree = "<group>"; };
		677257B6182C7D9B001421CB /* SPCOM.h */ = {isa = PBXFileReference; fileEncoding = 4; lastKnownFileType = sourcecode.c.h; path = SPCOM.h; sourceTree = "<group>"; };
		677257B7182C7D9B001421CB /* SPConfig.h */ = {isa = PBXFileReference; fileEncoding = 4; lastKnownFileType = sourcecode.c.h; path = SPConfig.h; sourceTree = "<group>"; };
		677257B8182C7D9B001421CB /* SPEDebug.c */ = {isa = PBXFileReference; fileEncoding = 4; lastKnownFileType = sourcecode.c.c; path = SPEDebug.c; sourceTree = "<group>"; };
		677257B9182C7D9B001421CB /* SPErrorCodes.h */ = {isa = PBXFileReference; fileEncoding = 4; lastKnownFileType = sourcecode.c.h; path = SPErrorCodes.h; sourceTree = "<group>"; };
		677257BA182C7D9B001421CB /* SPErrors.h */ = {isa = PBXFileReference; fileEncoding = 4; lastKnownFileType = sourcecode.c.h; path = SPErrors.h; sourceTree = "<group>"; };
		677257BB182C7D9B001421CB /* SPFiles.h */ = {isa = PBXFileReference; fileEncoding = 4; lastKnownFileType = sourcecode.c.h; path = SPFiles.h; sourceTree = "<group>"; };
		677257BC182C7D9B001421CB /* SPHost.h */ = {isa = PBXFileReference; fileEncoding = 4; lastKnownFileType = sourcecode.c.h; path = SPHost.h; sourceTree = "<group>"; };
		677257BD182C7D9B001421CB /* SPInterf.h */ = {isa = PBXFileReference; fileEncoding = 4; lastKnownFileType = sourcecode.c.h; path = SPInterf.h; sourceTree = "<group>"; };
		677257BE182C7D9B001421CB /* SPMData.h */ = {isa = PBXFileReference; fileEncoding = 4; lastKnownFileType = sourcecode.c.h; path = SPMData.h; sourceTree = "<group>"; };
		677257BF182C7D9B001421CB /* SPPiPL.h */ = {isa = PBXFileReference; fileEncoding = 4; lastKnownFileType = sourcecode.c.h; path = SPPiPL.h; sourceTree = "<group>"; };
		677257C0182C7D9B001421CB /* SPPlugs.h */ = {isa = PBXFileReference; fileEncoding = 4; lastKnownFileType = sourcecode.c.h; path = SPPlugs.h; sourceTree = "<group>"; };
		677257C1182C7D9B001421CB /* SPProps.h */ = {isa = PBXFileReference; fileEncoding = 4; lastKnownFileType = sourcecode.c.h; path = SPProps.h; sourceTree = "<group>"; };
		677257C2182C7D9B001421CB /* SPRuntme.h */ = {isa = PBXFileReference; fileEncoding = 4; lastKnownFileType = sourcecode.c.h; path = SPRuntme.h; sourceTree = "<group>"; };
		677257C3182C7D9B001421CB /* SPStrngs.h */ = {isa = PBXFileReference; fileEncoding = 4; lastKnownFileType = sourcecode.c.h; path = SPStrngs.h; sourceTree = "<group>"; };
		677257C4182C7D9B001421CB /* SPSTSPrp.h */ = {isa = PBXFileReference; fileEncoding = 4; lastKnownFileType = sourcecode.c.h; path = SPSTSPrp.h; sourceTree = "<group>"; };
		677257C5182C7D9B001421CB /* SPSuites.h */ = {isa = PBXFileReference; fileEncoding = 4; lastKnownFileType = sourcecode.c.h; path = SPSuites.h; sourceTree = "<group>"; };
		677257C6182C7D9B001421CB /* SPTypes.h */ = {isa = PBXFileReference; fileEncoding = 4; lastKnownFileType = sourcecode.c.h; path = SPTypes.h; sourceTree = "<group>"; };
		677257C7182C7D9B001421CB /* SuiteHelper.h */ = {isa = PBXFileReference; fileEncoding = 4; lastKnownFileType = sourcecode.c.h; path = SuiteHelper.h; sourceTree = "<group>"; };
		677257CB182C7D9B001421CB /* AE_General.r */ = {isa = PBXFileReference; fileEncoding = 4; lastKnownFileType = sourcecode.rez; path = AE_General.r; sourceTree = "<group>"; };
		677257CC182C7D9B001421CB /* Mach-O_prefix.h */ = {isa = PBXFileReference; fileEncoding = 4; lastKnownFileType = sourcecode.c.h; path = "Mach-O_prefix.h"; sourceTree = "<group>"; };
		677257CD182C7D9B001421CB /* PiPLtool.exe */ = {isa = PBXFileReference; lastKnownFileType = file; path = PiPLtool.exe; sourceTree = "<group>"; };
		677257CF182C7D9B001421CB /* AEFX_ArbParseHelper.c */ = {isa = PBXFileReference; fileEncoding = 4; lastKnownFileType = sourcecode.c.c; path = AEFX_ArbParseHelper.c; sourceTree = "<group>"; };
		677257D0182C7D9B001421CB /* AEFX_ArbParseHelper.h */ = {isa = PBXFileReference; fileEncoding = 4; lastKnownFileType = sourcecode.c.h; path = AEFX_ArbParseHelper.h; sourceTree = "<group>"; };
		677257D1182C7D9B001421CB /* AEFX_ChannelDepthTpl.h */ = {isa = PBXFileReference; fileEncoding = 4; lastKnownFileType = sourcecode.c.h; path = AEFX_ChannelDepthTpl.h; sourceTree = "<group>"; };
		677257D2182C7D9B001421CB /* AEFX_SuiteHelper.c */ = {isa = PBXFileReference; fileEncoding = 4; lastKnownFileType = sourcecode.c.c; path = AEFX_SuiteHelper.c; sourceTree = "<group>"; };
		677257D3182C7D9B001421CB /* AEFX_SuiteHelper.h */ = {isa = PBXFileReference; fileEncoding = 4; lastKnownFileType = sourcecode.c.h; path = AEFX_SuiteHelper.h; sourceTree = "<group>"; };
		677257D4182C7D9B001421CB /* AEGP_SuiteHandler.cpp */ = {isa = PBXFileReference; fileEncoding = 4; lastKnownFileType = sourcecode.cpp.cpp; path = AEGP_SuiteHandler.cpp; sourceTree = "<group>"; };
		677257D5182C7D9B001421CB /* AEGP_SuiteHandler.h */ = {isa = PBXFileReference; fileEncoding = 4; lastKnownFileType = sourcecode.c.h; path = AEGP_SuiteHandler.h; sourceTree = "<group>"; };
		677257D6182C7D9B001421CB /* AEGP_Utils.cpp */ = {isa = PBXFileReference; fileEncoding = 4; lastKnownFileType = sourcecode.cpp.cpp; path = AEGP_Utils.cpp; sourceTree = "<group>"; };
		677257D7182C7D9B001421CB /* AEGP_Utils.h */ = {isa = PBXFileReference; fileEncoding = 4; lastKnownFileType = sourcecode.c.h; path = AEGP_Utils.h; sourceTree = "<group>"; };
		677257D8182C7D9B001421CB /* DuckSuite.h */ = {isa = PBXFileReference; fileEncoding = 4; lastKnownFileType = sourcecode.c.h; path = DuckSuite.h; sourceTree = "<group>"; };
		677257D9182C7D9B001421CB /* entry.h */ = {isa = PBXFileReference; fileEncoding = 4; lastKnownFileType = sourcecode.c.h; path = entry.h; sourceTree = "<group>"; };
		677257DA182C7D9B001421CB /* MissingSuiteError.cpp */ = {isa = PBXFileReference; fileEncoding = 4; lastKnownFileType = sourcecode.cpp.cpp; path = MissingSuiteError.cpp; sourceTree = "<group>"; };
		677257DB182C7D9B001421CB /* Param_Utils.h */ = {isa = PBXFileReference; fileEncoding = 4; lastKnownFileType = sourcecode.c.h; path = Param_Utils.h; sourceTree = "<group>"; };
		677257DC182C7D9B001421CB /* PF_Draw_Utils.c */ = {isa = PBXFileReference; fileEncoding = 4; lastKnownFileType = sourcecode.c.c; path = PF_Draw_Utils.c; sourceTree = "<group>"; };
		677257DD182C7D9B001421CB /* PF_Draw_Utils.cpp */ = {isa = PBXFileReference; fileEncoding = 4; lastKnownFileType = sourcecode.cpp.cpp; path = PF_Draw_Utils.cpp; sourceTree = "<group>"; };
		677257DE182C7D9B001421CB /* PF_Draw_Utils.h */ = {isa = PBXFileReference; fileEncoding = 4; lastKnownFileType = sourcecode.c.h; path = PF_Draw_Utils.h; sourceTree = "<group>"; };
		677257DF182C7D9B001421CB /* Smart_Utils.cpp */ = {isa = PBXFileReference; fileEncoding = 4; lastKnownFileType = sourcecode.cpp.cpp; path = Smart_Utils.cpp; sourceTree = "<group>"; };
		677257E0182C7D9B001421CB /* Smart_Utils.h */ = {isa = PBXFileReference; fileEncoding = 4; lastKnownFileType = sourcecode.c.h; path = Smart_Utils.h; sourceTree = "<group>"; };
		677257E1182C7D9B001421CB /* String_Utils.c */ = {isa = PBXFileReference; fileEncoding = 4; lastKnownFileType = sourcecode.c.c; path = String_Utils.c; sourceTree = "<group>"; };
		677257E2182C7D9B001421CB /* String_Utils.h */ = {isa = PBXFileReference; fileEncoding = 4; lastKnownFileType = sourcecode.c.h; path = String_Utils.h; sourceTree = "<group>"; };
		67C8858E18167DD30046C13D /* ofApp.cpp */ = {isa = PBXFileReference; fileEncoding = 4; lastKnownFileType = sourcecode.cpp.cpp; path = ofApp.cpp; sourceTree = "<group>"; };
		67C8858F18167DD30046C13D /* ofApp.h */ = {isa = PBXFileReference; fileEncoding = 4; lastKnownFileType = sourcecode.c.h; path = ofApp.h; sourceTree = "<group>"; };
		BBAB23BE13894E4700AA2426 /* GLUT.framework */ = {isa = PBXFileReference; lastKnownFileType = wrapper.framework; name = GLUT.framework; path = ../../../libs/glut/lib/osx/GLUT.framework; sourceTree = "<group>"; };
		E4328143138ABC890047C5CB /* openFrameworksLib.xcodeproj */ = {isa = PBXFileReference; lastKnownFileType = "wrapper.pb-project"; name = openFrameworksLib.xcodeproj; path = ../../../libs/openFrameworksCompiled/project/osx/openFrameworksLib.xcodeproj; sourceTree = SOURCE_ROOT; };
		E45BE9710E8CC7DD009D7055 /* AGL.framework */ = {isa = PBXFileReference; lastKnownFileType = wrapper.framework; name = AGL.framework; path = /System/Library/Frameworks/AGL.framework; sourceTree = "<absolute>"; };
		E45BE9720E8CC7DD009D7055 /* ApplicationServices.framework */ = {isa = PBXFileReference; lastKnownFileType = wrapper.framework; name = ApplicationServices.framework; path = /System/Library/Frameworks/ApplicationServices.framework; sourceTree = "<absolute>"; };
		E45BE9730E8CC7DD009D7055 /* AudioToolbox.framework */ = {isa = PBXFileReference; lastKnownFileType = wrapper.framework; name = AudioToolbox.framework; path = /System/Library/Frameworks/AudioToolbox.framework; sourceTree = "<absolute>"; };
		E45BE9740E8CC7DD009D7055 /* Carbon.framework */ = {isa = PBXFileReference; lastKnownFileType = wrapper.framework; name = Carbon.framework; path = /System/Library/Frameworks/Carbon.framework; sourceTree = "<absolute>"; };
		E45BE9750E8CC7DD009D7055 /* CoreAudio.framework */ = {isa = PBXFileReference; lastKnownFileType = wrapper.framework; name = CoreAudio.framework; path = /System/Library/Frameworks/CoreAudio.framework; sourceTree = "<absolute>"; };
		E45BE9760E8CC7DD009D7055 /* CoreFoundation.framework */ = {isa = PBXFileReference; lastKnownFileType = wrapper.framework; name = CoreFoundation.framework; path = /System/Library/Frameworks/CoreFoundation.framework; sourceTree = "<absolute>"; };
		E45BE9770E8CC7DD009D7055 /* CoreServices.framework */ = {isa = PBXFileReference; lastKnownFileType = wrapper.framework; name = CoreServices.framework; path = /System/Library/Frameworks/CoreServices.framework; sourceTree = "<absolute>"; };
		E45BE9790E8CC7DD009D7055 /* OpenGL.framework */ = {isa = PBXFileReference; lastKnownFileType = wrapper.framework; name = OpenGL.framework; path = /System/Library/Frameworks/OpenGL.framework; sourceTree = "<absolute>"; };
		E45BE97A0E8CC7DD009D7055 /* QuickTime.framework */ = {isa = PBXFileReference; lastKnownFileType = wrapper.framework; name = QuickTime.framework; path = /System/Library/Frameworks/QuickTime.framework; sourceTree = "<absolute>"; };
		E4B69B5B0A3A1756003C02F2 /* exampleDebug.app */ = {isa = PBXFileReference; explicitFileType = wrapper.application; includeInIndex = 0; path = exampleDebug.app; sourceTree = BUILT_PRODUCTS_DIR; };
		E4B69E1D0A3A1BDC003C02F2 /* main.cpp */ = {isa = PBXFileReference; fileEncoding = 30; lastKnownFileType = sourcecode.cpp.cpp; name = main.cpp; path = src/main.cpp; sourceTree = SOURCE_ROOT; };
		E4B6FCAD0C3E899E008CF71C /* openFrameworks-Info.plist */ = {isa = PBXFileReference; fileEncoding = 30; lastKnownFileType = text.plist.xml; path = "openFrameworks-Info.plist"; sourceTree = "<group>"; };
		E4C2424410CC5A17004149E2 /* AppKit.framework */ = {isa = PBXFileReference; lastKnownFileType = wrapper.framework; name = AppKit.framework; path = /System/Library/Frameworks/AppKit.framework; sourceTree = "<absolute>"; };
		E4C2424510CC5A17004149E2 /* Cocoa.framework */ = {isa = PBXFileReference; lastKnownFileType = wrapper.framework; name = Cocoa.framework; path = /System/Library/Frameworks/Cocoa.framework; sourceTree = "<absolute>"; };
		E4C2424610CC5A17004149E2 /* IOKit.framework */ = {isa = PBXFileReference; lastKnownFileType = wrapper.framework; name = IOKit.framework; path = /System/Library/Frameworks/IOKit.framework; sourceTree = "<absolute>"; };
		E4EB691F138AFCF100A09F29 /* CoreOF.xcconfig */ = {isa = PBXFileReference; fileEncoding = 4; lastKnownFileType = text.xcconfig; name = CoreOF.xcconfig; path = ../../../libs/openFrameworksCompiled/project/osx/CoreOF.xcconfig; sourceTree = SOURCE_ROOT; };
		E4EB6923138AFD0F00A09F29 /* Project.xcconfig */ = {isa = PBXFileReference; fileEncoding = 4; lastKnownFileType = text.xcconfig; path = Project.xcconfig; sourceTree = "<group>"; };
		E7E077E415D3B63C0020DFD4 /* CoreVideo.framework */ = {isa = PBXFileReference; lastKnownFileType = wrapper.framework; name = CoreVideo.framework; path = /System/Library/Frameworks/CoreVideo.framework; sourceTree = "<absolute>"; };
		E7E077E715D3B6510020DFD4 /* QTKit.framework */ = {isa = PBXFileReference; lastKnownFileType = wrapper.framework; name = QTKit.framework; path = /System/Library/Frameworks/QTKit.framework; sourceTree = "<absolute>"; };
		E7F985F515E0DE99003869B5 /* Accelerate.framework */ = {isa = PBXFileReference; lastKnownFileType = wrapper.framework; name = Accelerate.framework; path = /System/Library/Frameworks/Accelerate.framework; sourceTree = "<absolute>"; };
/* End PBXFileReference section */

/* Begin PBXFrameworksBuildPhase section */
		676F4E1C182D9ED200E1687F /* Frameworks */ = {
			isa = PBXFrameworksBuildPhase;
			buildActionMask = 2147483647;
			files = (
				676F4E2D182D9F1200E1687F /* CoreFoundation.framework in Frameworks */,
			);
			runOnlyForDeploymentPostprocessing = 0;
		};
		E4B69B590A3A1756003C02F2 /* Frameworks */ = {
			isa = PBXFrameworksBuildPhase;
			buildActionMask = 2147483647;
			files = (
				E7F985F815E0DEA3003869B5 /* Accelerate.framework in Frameworks */,
				E7E077E815D3B6510020DFD4 /* QTKit.framework in Frameworks */,
				E4EB6799138ADC1D00A09F29 /* GLUT.framework in Frameworks */,
				E45BE97B0E8CC7DD009D7055 /* AGL.framework in Frameworks */,
				E45BE97C0E8CC7DD009D7055 /* ApplicationServices.framework in Frameworks */,
				E45BE97D0E8CC7DD009D7055 /* AudioToolbox.framework in Frameworks */,
				E45BE97E0E8CC7DD009D7055 /* Carbon.framework in Frameworks */,
				E45BE97F0E8CC7DD009D7055 /* CoreAudio.framework in Frameworks */,
				E45BE9800E8CC7DD009D7055 /* CoreFoundation.framework in Frameworks */,
				E45BE9810E8CC7DD009D7055 /* CoreServices.framework in Frameworks */,
				E45BE9830E8CC7DD009D7055 /* OpenGL.framework in Frameworks */,
				E45BE9840E8CC7DD009D7055 /* QuickTime.framework in Frameworks */,
				E4C2424710CC5A17004149E2 /* AppKit.framework in Frameworks */,
				E4C2424810CC5A17004149E2 /* Cocoa.framework in Frameworks */,
				E4C2424910CC5A17004149E2 /* IOKit.framework in Frameworks */,
				E7E077E515D3B63C0020DFD4 /* CoreVideo.framework in Frameworks */,
				E4328149138ABC9F0047C5CB /* openFrameworksDebug.a in Frameworks */,
			);
			runOnlyForDeploymentPostprocessing = 0;
		};
/* End PBXFrameworksBuildPhase section */

/* Begin PBXGroup section */
		676F4E23182D9ED200E1687F /* plugin */ = {
			isa = PBXGroup;
			children = (
				676F4E24182D9ED200E1687F /* Supporting Files */,
			);
			path = plugin;
			sourceTree = "<group>";
		};
		676F4E24182D9ED200E1687F /* Supporting Files */ = {
			isa = PBXGroup;
			children = (
				676F4E25182D9ED200E1687F /* plugin-Info.plist */,
				676F4E26182D9ED200E1687F /* InfoPlist.strings */,
				676F4E29182D9ED200E1687F /* plugin-Prefix.pch */,
			);
			name = "Supporting Files";
			sourceTree = "<group>";
		};
		67725780182C7D41001421CB /* ofxAfterEffects */ = {
			isa = PBXGroup;
			children = (
				67725781182C7D9A001421CB /* docs */,
				67725783182C7D9A001421CB /* libs */,
				677257E3182C7D9B001421CB /* src */,
			);
			name = ofxAfterEffects;
			path = ../../../addons/ofxAfterEffects;
			sourceTree = "<group>";
		};
		67725781182C7D9A001421CB /* docs */ = {
			isa = PBXGroup;
			children = (
				67725782182C7D9A001421CB /* After_Effects_SDK_Guide.pdf */,
			);
			path = docs;
			sourceTree = "<group>";
		};
		67725783182C7D9A001421CB /* libs */ = {
			isa = PBXGroup;
			children = (
				67725784182C7D9A001421CB /* Headers */,
				677257CA182C7D9B001421CB /* Resources */,
				677257CE182C7D9B001421CB /* Util */,
			);
			path = libs;
			sourceTree = "<group>";
		};
		67725784182C7D9A001421CB /* Headers */ = {
			isa = PBXGroup;
			children = (
				67725785182C7D9A001421CB /* A.h */,
				67725786182C7D9A001421CB /* adobesdk */,
				6772578E182C7D9A001421CB /* AE_AdvEffectSuites.h */,
				6772578F182C7D9A001421CB /* AE_CacheOnLoadSuite.h */,
				67725790182C7D9A001421CB /* AE_ChannelSuites.h */,
				67725791182C7D9A001421CB /* AE_CreatorInfo.h */,
				67725792182C7D9A001421CB /* AE_Effect.h */,
				67725793182C7D9A001421CB /* AE_EffectCB.h */,
				67725794182C7D9A001421CB /* AE_EffectCBSuites.h */,
				67725795182C7D9A001421CB /* AE_EffectPixelFormat.h */,
				67725796182C7D9A001421CB /* AE_EffectSuites.h */,
				67725797182C7D9A001421CB /* AE_EffectSuitesHelper.h */,
				67725798182C7D9A001421CB /* AE_EffectSuitesOld.h */,
				67725799182C7D9A001421CB /* AE_EffectUI.h */,
				6772579A182C7D9A001421CB /* AE_EffectVers.h */,
				6772579B182C7D9A001421CB /* AE_FPF.h */,
				6772579C182C7D9A001421CB /* AE_GeneralPlug.h */,
				6772579D182C7D9A001421CB /* AE_GeneralPlugOld.h */,
				6772579E182C7D9A001421CB /* AE_GeneralPlugPanels.h */,
				6772579F182C7D9A001421CB /* AE_GeneralPlugPost.h */,
				677257A0182C7D9A001421CB /* AE_GeneralPlugPre.h */,
				677257A1182C7D9A001421CB /* AE_Hook.h */,
				677257A2182C7D9A001421CB /* AE_IO.h */,
				677257A3182C7D9A001421CB /* AE_IO_FileExt.h */,
				677257A4182C7D9A001421CB /* AE_Macros.h */,
				677257A5182C7D9A001421CB /* AEConfig.h */,
				677257A6182C7D9A001421CB /* AEFX_SuiteHandlerTemplate.h */,
				677257A7182C7D9A001421CB /* FIEL_Public.h */,
				677257A8182C7D9A001421CB /* Mach-O_prefix.h */,
				677257A9182C7D9A001421CB /* PF_Masks.h */,
				677257AA182C7D9A001421CB /* PIFormatT.h */,
				677257AB182C7D9A001421CB /* PR_Public.h */,
				677257AC182C7D9A001421CB /* PrSDKAESupport.h */,
				677257AD182C7D9A001421CB /* PrSDKPixelFormat.h */,
				677257AE182C7D9A001421CB /* PT_Public.h */,
				677257AF182C7D9B001421CB /* SP */,
				677257C7182C7D9B001421CB /* SuiteHelper.h */,
			);
			path = Headers;
			sourceTree = "<group>";
		};
		67725786182C7D9A001421CB /* adobesdk */ = {
			isa = PBXGroup;
			children = (
				67725787182C7D9A001421CB /* config */,
				6772578B182C7D9A001421CB /* drawbotsuite */,
				6772578D182C7D9A001421CB /* DrawbotSuite.h */,
			);
			path = adobesdk;
			sourceTree = "<group>";
		};
		67725787182C7D9A001421CB /* config */ = {
			isa = PBXGroup;
			children = (
				67725788182C7D9A001421CB /* AdobesdkTypes.h */,
				67725789182C7D9A001421CB /* PostConfig.h */,
				6772578A182C7D9A001421CB /* PreConfig.h */,
			);
			path = config;
			sourceTree = "<group>";
		};
		6772578B182C7D9A001421CB /* drawbotsuite */ = {
			isa = PBXGroup;
			children = (
				6772578C182C7D9A001421CB /* DrawbotSuiteTypes.h */,
			);
			path = drawbotsuite;
			sourceTree = "<group>";
		};
		677257AF182C7D9B001421CB /* SP */ = {
			isa = PBXGroup;
			children = (
				677257B0182C7D9B001421CB /* SPAccess.h */,
				677257B1182C7D9B001421CB /* SPAdapts.h */,
				677257B2182C7D9B001421CB /* SPBasic.h */,
				677257B3182C7D9B001421CB /* SPBckDbg.h */,
				677257B4182C7D9B001421CB /* SPBlocks.h */,
				677257B5182C7D9B001421CB /* SPCaches.h */,
				677257B6182C7D9B001421CB /* SPCOM.h */,
				677257B7182C7D9B001421CB /* SPConfig.h */,
				677257B8182C7D9B001421CB /* SPEDebug.c */,
				677257B9182C7D9B001421CB /* SPErrorCodes.h */,
				677257BA182C7D9B001421CB /* SPErrors.h */,
				677257BB182C7D9B001421CB /* SPFiles.h */,
				677257BC182C7D9B001421CB /* SPHost.h */,
				677257BD182C7D9B001421CB /* SPInterf.h */,
				677257BE182C7D9B001421CB /* SPMData.h */,
				677257BF182C7D9B001421CB /* SPPiPL.h */,
				677257C0182C7D9B001421CB /* SPPlugs.h */,
				677257C1182C7D9B001421CB /* SPProps.h */,
				677257C2182C7D9B001421CB /* SPRuntme.h */,
				677257C3182C7D9B001421CB /* SPStrngs.h */,
				677257C4182C7D9B001421CB /* SPSTSPrp.h */,
				677257C5182C7D9B001421CB /* SPSuites.h */,
				677257C6182C7D9B001421CB /* SPTypes.h */,
			);
			path = SP;
			sourceTree = "<group>";
		};
		677257CA182C7D9B001421CB /* Resources */ = {
			isa = PBXGroup;
			children = (
				677257CB182C7D9B001421CB /* AE_General.r */,
				677257CC182C7D9B001421CB /* Mach-O_prefix.h */,
				677257CD182C7D9B001421CB /* PiPLtool.exe */,
			);
			path = Resources;
			sourceTree = "<group>";
		};
		677257CE182C7D9B001421CB /* Util */ = {
			isa = PBXGroup;
			children = (
				677257CF182C7D9B001421CB /* AEFX_ArbParseHelper.c */,
				677257D0182C7D9B001421CB /* AEFX_ArbParseHelper.h */,
				677257D1182C7D9B001421CB /* AEFX_ChannelDepthTpl.h */,
				677257D2182C7D9B001421CB /* AEFX_SuiteHelper.c */,
				677257D3182C7D9B001421CB /* AEFX_SuiteHelper.h */,
				677257D4182C7D9B001421CB /* AEGP_SuiteHandler.cpp */,
				677257D5182C7D9B001421CB /* AEGP_SuiteHandler.h */,
				677257D6182C7D9B001421CB /* AEGP_Utils.cpp */,
				677257D7182C7D9B001421CB /* AEGP_Utils.h */,
				677257D8182C7D9B001421CB /* DuckSuite.h */,
				677257D9182C7D9B001421CB /* entry.h */,
				677257DA182C7D9B001421CB /* MissingSuiteError.cpp */,
				677257DB182C7D9B001421CB /* Param_Utils.h */,
				677257DC182C7D9B001421CB /* PF_Draw_Utils.c */,
				677257DD182C7D9B001421CB /* PF_Draw_Utils.cpp */,
				677257DE182C7D9B001421CB /* PF_Draw_Utils.h */,
				677257DF182C7D9B001421CB /* Smart_Utils.cpp */,
				677257E0182C7D9B001421CB /* Smart_Utils.h */,
				677257E1182C7D9B001421CB /* String_Utils.c */,
				677257E2182C7D9B001421CB /* String_Utils.h */,
			);
			path = Util;
			sourceTree = "<group>";
		};
		677257E3182C7D9B001421CB /* src */ = {
			isa = PBXGroup;
			children = (
				676F4E3A182DA62F00E1687F /* ofxAfterEffects.h */,
				676F4E39182DA62F00E1687F /* ofxAfterEffects.cpp */,
				676F4E30182DA0E700E1687F /* ofxAfterEffects.r */,
				676F4E38182DA62F00E1687F /* ofxAfterEffects_Strings.h */,
				676F4E37182DA62F00E1687F /* ofxAfterEffects_Strings.cpp */,
			);
			path = src;
			sourceTree = "<group>";
		};
		BB4B014C10F69532006C3DED /* addons */ = {
			isa = PBXGroup;
			children = (
				67725780182C7D41001421CB /* ofxAfterEffects */,
			);
			name = addons;
			sourceTree = "<group>";
		};
		BBAB23C913894ECA00AA2426 /* system frameworks */ = {
			isa = PBXGroup;
			children = (
				E7F985F515E0DE99003869B5 /* Accelerate.framework */,
				E4C2424410CC5A17004149E2 /* AppKit.framework */,
				E4C2424510CC5A17004149E2 /* Cocoa.framework */,
				E4C2424610CC5A17004149E2 /* IOKit.framework */,
				E45BE9710E8CC7DD009D7055 /* AGL.framework */,
				E45BE9720E8CC7DD009D7055 /* ApplicationServices.framework */,
				E45BE9730E8CC7DD009D7055 /* AudioToolbox.framework */,
				E45BE9740E8CC7DD009D7055 /* Carbon.framework */,
				E45BE9750E8CC7DD009D7055 /* CoreAudio.framework */,
				E45BE9760E8CC7DD009D7055 /* CoreFoundation.framework */,
				E45BE9770E8CC7DD009D7055 /* CoreServices.framework */,
				E45BE9790E8CC7DD009D7055 /* OpenGL.framework */,
				E45BE97A0E8CC7DD009D7055 /* QuickTime.framework */,
				E7E077E415D3B63C0020DFD4 /* CoreVideo.framework */,
				E7E077E715D3B6510020DFD4 /* QTKit.framework */,
			);
			name = "system frameworks";
			sourceTree = "<group>";
		};
		BBAB23CA13894EDB00AA2426 /* 3rd party frameworks */ = {
			isa = PBXGroup;
			children = (
				BBAB23BE13894E4700AA2426 /* GLUT.framework */,
			);
			name = "3rd party frameworks";
			sourceTree = "<group>";
		};
		E4328144138ABC890047C5CB /* Products */ = {
			isa = PBXGroup;
			children = (
				E4328148138ABC890047C5CB /* openFrameworksDebug.a */,
			);
			name = Products;
			sourceTree = "<group>";
		};
		E45BE5980E8CC70C009D7055 /* frameworks */ = {
			isa = PBXGroup;
			children = (
				BBAB23CA13894EDB00AA2426 /* 3rd party frameworks */,
				BBAB23C913894ECA00AA2426 /* system frameworks */,
			);
			name = frameworks;
			sourceTree = "<group>";
		};
		E4B69B4A0A3A1720003C02F2 = {
			isa = PBXGroup;
			children = (
				E4B6FCAD0C3E899E008CF71C /* openFrameworks-Info.plist */,
				E4EB6923138AFD0F00A09F29 /* Project.xcconfig */,
				E4B69E1C0A3A1BDC003C02F2 /* src */,
				676F4E23182D9ED200E1687F /* plugin */,
				E4EEC9E9138DF44700A80321 /* openFrameworks */,
				BB4B014C10F69532006C3DED /* addons */,
				E45BE5980E8CC70C009D7055 /* frameworks */,
				E4B69B5B0A3A1756003C02F2 /* exampleDebug.app */,
				676F4E1F182D9ED200E1687F /* plugin.plugin */,
			);
			sourceTree = "<group>";
		};
		E4B69E1C0A3A1BDC003C02F2 /* src */ = {
			isa = PBXGroup;
			children = (
				E4B69E1D0A3A1BDC003C02F2 /* main.cpp */,
				67C8858F18167DD30046C13D /* ofApp.h */,
				67C8858E18167DD30046C13D /* ofApp.cpp */,
			);
			path = src;
			sourceTree = SOURCE_ROOT;
		};
		E4EEC9E9138DF44700A80321 /* openFrameworks */ = {
			isa = PBXGroup;
			children = (
				E4EB691F138AFCF100A09F29 /* CoreOF.xcconfig */,
				E4328143138ABC890047C5CB /* openFrameworksLib.xcodeproj */,
			);
			name = openFrameworks;
			sourceTree = "<group>";
		};
/* End PBXGroup section */

/* Begin PBXNativeTarget section */
		676F4E1E182D9ED200E1687F /* plugin */ = {
			isa = PBXNativeTarget;
			buildConfigurationList = 676F4E2C182D9ED200E1687F /* Build configuration list for PBXNativeTarget "plugin" */;
			buildPhases = (
				676F4E1B182D9ED200E1687F /* Sources */,
				676F4E1C182D9ED200E1687F /* Frameworks */,
				676F4E1D182D9ED200E1687F /* Resources */,
				676F4E31182DA1CE00E1687F /* Rez */,
			);
			buildRules = (
			);
			dependencies = (
			);
			name = plugin;
			productName = plugin;
			productReference = 676F4E1F182D9ED200E1687F /* plugin.plugin */;
			productType = "com.apple.product-type.bundle";
		};
		E4B69B5A0A3A1756003C02F2 /* example */ = {
			isa = PBXNativeTarget;
			buildConfigurationList = E4B69B5F0A3A1757003C02F2 /* Build configuration list for PBXNativeTarget "example" */;
			buildPhases = (
				E4B69B580A3A1756003C02F2 /* Sources */,
				E4B69B590A3A1756003C02F2 /* Frameworks */,
				E4B6FFFD0C3F9AB9008CF71C /* ShellScript */,
				E4C2427710CC5ABF004149E2 /* CopyFiles */,
			);
			buildRules = (
			);
			dependencies = (
				E4EEB9AC138B136A00A80321 /* PBXTargetDependency */,
			);
			name = example;
			productName = myOFApp;
			productReference = E4B69B5B0A3A1756003C02F2 /* exampleDebug.app */;
			productType = "com.apple.product-type.application";
		};
/* End PBXNativeTarget section */

/* Begin PBXProject section */
		E4B69B4C0A3A1720003C02F2 /* Project object */ = {
			isa = PBXProject;
			attributes = {
				LastUpgradeCheck = 0460;
			};
			buildConfigurationList = E4B69B4D0A3A1720003C02F2 /* Build configuration list for PBXProject "example" */;
			compatibilityVersion = "Xcode 3.2";
			developmentRegion = English;
			hasScannedForEncodings = 0;
			knownRegions = (
				English,
				Japanese,
				French,
				German,
				en,
			);
			mainGroup = E4B69B4A0A3A1720003C02F2;
			productRefGroup = E4B69B4A0A3A1720003C02F2;
			projectDirPath = "";
			projectReferences = (
				{
					ProductGroup = E4328144138ABC890047C5CB /* Products */;
					ProjectRef = E4328143138ABC890047C5CB /* openFrameworksLib.xcodeproj */;
				},
			);
			projectRoot = "";
			targets = (
				E4B69B5A0A3A1756003C02F2 /* example */,
				676F4E1E182D9ED200E1687F /* plugin */,
			);
		};
/* End PBXProject section */

/* Begin PBXReferenceProxy section */
		E4328148138ABC890047C5CB /* openFrameworksDebug.a */ = {
			isa = PBXReferenceProxy;
			fileType = archive.ar;
			path = openFrameworksDebug.a;
			remoteRef = E4328147138ABC890047C5CB /* PBXContainerItemProxy */;
			sourceTree = BUILT_PRODUCTS_DIR;
		};
/* End PBXReferenceProxy section */

/* Begin PBXResourcesBuildPhase section */
		676F4E1D182D9ED200E1687F /* Resources */ = {
			isa = PBXResourcesBuildPhase;
			buildActionMask = 2147483647;
			files = (
				676F4E28182D9ED200E1687F /* InfoPlist.strings in Resources */,
			);
			runOnlyForDeploymentPostprocessing = 0;
		};
/* End PBXResourcesBuildPhase section */

/* Begin PBXRezBuildPhase section */
		676F4E31182DA1CE00E1687F /* Rez */ = {
			isa = PBXRezBuildPhase;
			buildActionMask = 2147483647;
			files = (
				676F4E32182DA1DB00E1687F /* ofxAfterEffects.r in Rez */,
			);
			runOnlyForDeploymentPostprocessing = 0;
		};
/* End PBXRezBuildPhase section */

/* Begin PBXShellScriptBuildPhase section */
		E4B6FFFD0C3F9AB9008CF71C /* ShellScript */ = {
			isa = PBXShellScriptBuildPhase;
			buildActionMask = 2147483647;
			files = (
			);
			inputPaths = (
			);
			outputPaths = (
			);
			runOnlyForDeploymentPostprocessing = 0;
			shellPath = /bin/sh;
			shellScript = "cp -f ../../../libs/fmodex/lib/osx/libfmodex.dylib \"$TARGET_BUILD_DIR/$PRODUCT_NAME.app/Contents/MacOS/libfmodex.dylib\"; install_name_tool -change ./libfmodex.dylib @executable_path/libfmodex.dylib \"$TARGET_BUILD_DIR/$PRODUCT_NAME.app/Contents/MacOS/$PRODUCT_NAME\";\nmkdir -p \"$TARGET_BUILD_DIR/$PRODUCT_NAME.app/Contents/Resources/\"\ncp -f \"$ICON_FILE\" \"$TARGET_BUILD_DIR/$PRODUCT_NAME.app/Contents/Resources/\"\n";
		};
/* End PBXShellScriptBuildPhase section */

/* Begin PBXSourcesBuildPhase section */
		676F4E1B182D9ED200E1687F /* Sources */ = {
			isa = PBXSourcesBuildPhase;
			buildActionMask = 2147483647;
			files = (
				676F4E3C182DA84200E1687F /* ofxAfterEffects_Strings.cpp in Sources */,
				676F4E3B182DA84200E1687F /* ofxAfterEffects.cpp in Sources */,
				676F4E3E182DA9E200E1687F /* AEGP_SuiteHandler.cpp in Sources */,
				676F4E3D182DA9AD00E1687F /* MissingSuiteError.cpp in Sources */,
			);
			runOnlyForDeploymentPostprocessing = 0;
		};
		E4B69B580A3A1756003C02F2 /* Sources */ = {
			isa = PBXSourcesBuildPhase;
			buildActionMask = 2147483647;
			files = (
				67C8859018167DD30046C13D /* ofApp.cpp in Sources */,
				E4B69E200A3A1BDC003C02F2 /* main.cpp in Sources */,
			);
			runOnlyForDeploymentPostprocessing = 0;
		};
/* End PBXSourcesBuildPhase section */

/* Begin PBXTargetDependency section */
		E4EEB9AC138B136A00A80321 /* PBXTargetDependency */ = {
			isa = PBXTargetDependency;
			name = openFrameworks;
			targetProxy = E4EEB9AB138B136A00A80321 /* PBXContainerItemProxy */;
		};
/* End PBXTargetDependency section */

/* Begin PBXVariantGroup section */
		676F4E26182D9ED200E1687F /* InfoPlist.strings */ = {
			isa = PBXVariantGroup;
			children = (
				676F4E27182D9ED200E1687F /* en */,
			);
			name = InfoPlist.strings;
			sourceTree = "<group>";
		};
/* End PBXVariantGroup section */

/* Begin XCBuildConfiguration section */
		676F4E2A182D9ED200E1687F /* Debug */ = {
			isa = XCBuildConfiguration;
			buildSettings = {
				ALWAYS_SEARCH_USER_PATHS = NO;
				ARCHS = "$(ARCHS_STANDARD_32_BIT)";
				CLANG_CXX_LANGUAGE_STANDARD = "gnu++0x";
				CLANG_CXX_LIBRARY = "libc++";
				CLANG_ENABLE_OBJC_ARC = YES;
				CLANG_WARN_BOOL_CONVERSION = YES;
				CLANG_WARN_CONSTANT_CONVERSION = YES;
				CLANG_WARN_DIRECT_OBJC_ISA_USAGE = YES_ERROR;
				CLANG_WARN_EMPTY_BODY = YES;
				CLANG_WARN_ENUM_CONVERSION = YES;
				CLANG_WARN_INT_CONVERSION = YES;
				CLANG_WARN_OBJC_ROOT_CLASS = YES_ERROR;
				CLANG_WARN__DUPLICATE_METHOD_MATCH = YES;
				COMBINE_HIDPI_IMAGES = YES;
				GCC_C_LANGUAGE_STANDARD = gnu99;
				GCC_DYNAMIC_NO_PIC = NO;
				GCC_ENABLE_OBJC_EXCEPTIONS = YES;
				GCC_PRECOMPILE_PREFIX_HEADER = YES;
				GCC_PREFIX_HEADER = "plugin/plugin-Prefix.pch";
				GCC_PREPROCESSOR_DEFINITIONS = (
					"DEBUG=1",
					"$(inherited)",
				);
				GCC_WARN_64_TO_32_BIT_CONVERSION = YES;
				GCC_WARN_ABOUT_RETURN_TYPE = YES_ERROR;
				GCC_WARN_UNDECLARED_SELECTOR = YES;
				GCC_WARN_UNINITIALIZED_AUTOS = YES;
				GCC_WARN_UNUSED_FUNCTION = YES;
				GCC_WARN_UNUSED_VARIABLE = YES;
				HEADER_SEARCH_PATHS = (
					"$(OF_CORE_HEADERS)",
					src,
					../../../addons/ofxAfterEffects/libs/Headers,
					../../../addons/ofxAfterEffects/libs/Util,
					../../../addons/ofxAfterEffects/libs/Headers/SP,
					../../../addons/ofxAfterEffects/libs/Resources,
				);
				INFOPLIST_FILE = "plugin/plugin-Info.plist";
				INSTALL_PATH = "$(LOCAL_LIBRARY_DIR)/Bundles";
				MACOSX_DEPLOYMENT_TARGET = 10.8;
				ONLY_ACTIVE_ARCH = NO;
				PRODUCT_NAME = "$(TARGET_NAME)";
				REZ_PREPROCESSOR_DEFINITIONS = __MACH__;
				SDKROOT = macosx10.8;
				WRAPPER_EXTENSION = plugin;
			};
			name = Debug;
		};
		676F4E2B182D9ED200E1687F /* Release */ = {
			isa = XCBuildConfiguration;
			buildSettings = {
				ALWAYS_SEARCH_USER_PATHS = NO;
				ARCHS = "$(ARCHS_STANDARD_32_BIT)";
				CLANG_CXX_LANGUAGE_STANDARD = "gnu++0x";
				CLANG_CXX_LIBRARY = "libc++";
				CLANG_ENABLE_OBJC_ARC = YES;
				CLANG_WARN_BOOL_CONVERSION = YES;
				CLANG_WARN_CONSTANT_CONVERSION = YES;
				CLANG_WARN_DIRECT_OBJC_ISA_USAGE = YES_ERROR;
				CLANG_WARN_EMPTY_BODY = YES;
				CLANG_WARN_ENUM_CONVERSION = YES;
				CLANG_WARN_INT_CONVERSION = YES;
				CLANG_WARN_OBJC_ROOT_CLASS = YES_ERROR;
				CLANG_WARN__DUPLICATE_METHOD_MATCH = YES;
				COMBINE_HIDPI_IMAGES = YES;
				DEBUG_INFORMATION_FORMAT = "dwarf-with-dsym";
				ENABLE_NS_ASSERTIONS = NO;
				GCC_C_LANGUAGE_STANDARD = gnu99;
				GCC_ENABLE_OBJC_EXCEPTIONS = YES;
				GCC_PRECOMPILE_PREFIX_HEADER = YES;
				GCC_PREFIX_HEADER = "plugin/plugin-Prefix.pch";
				GCC_WARN_64_TO_32_BIT_CONVERSION = YES;
				GCC_WARN_ABOUT_RETURN_TYPE = YES_ERROR;
				GCC_WARN_UNDECLARED_SELECTOR = YES;
				GCC_WARN_UNINITIALIZED_AUTOS = YES;
				GCC_WARN_UNUSED_FUNCTION = YES;
				GCC_WARN_UNUSED_VARIABLE = YES;
				HEADER_SEARCH_PATHS = (
					"$(OF_CORE_HEADERS)",
					src,
					../../../addons/ofxAfterEffects/libs/Headers,
					../../../addons/ofxAfterEffects/libs/Util,
					../../../addons/ofxAfterEffects/libs/Headers/SP,
					../../../addons/ofxAfterEffects/libs/Resources,
				);
				INFOPLIST_FILE = "plugin/plugin-Info.plist";
				INSTALL_PATH = "$(LOCAL_LIBRARY_DIR)/Bundles";
				MACOSX_DEPLOYMENT_TARGET = 10.8;
				ONLY_ACTIVE_ARCH = NO;
				PRODUCT_NAME = "$(TARGET_NAME)";
				REZ_PREPROCESSOR_DEFINITIONS = __MACH__;
				SDKROOT = macosx10.8;
				WRAPPER_EXTENSION = plugin;
			};
			name = Release;
		};
		E4B69B4E0A3A1720003C02F2 /* Debug */ = {
			isa = XCBuildConfiguration;
			baseConfigurationReference = E4EB6923138AFD0F00A09F29 /* Project.xcconfig */;
			buildSettings = {
				ARCHS = "$(NATIVE_ARCH)";
				CONFIGURATION_BUILD_DIR = "$(SRCROOT)/bin/";
				COPY_PHASE_STRIP = NO;
				DEAD_CODE_STRIPPING = YES;
				GCC_AUTO_VECTORIZATION = YES;
				GCC_ENABLE_SSE3_EXTENSIONS = YES;
				GCC_ENABLE_SUPPLEMENTAL_SSE3_INSTRUCTIONS = YES;
				GCC_INLINES_ARE_PRIVATE_EXTERN = NO;
				GCC_OPTIMIZATION_LEVEL = 0;
				GCC_SYMBOLS_PRIVATE_EXTERN = NO;
				GCC_WARN_ABOUT_DEPRECATED_FUNCTIONS = YES;
				GCC_WARN_ABOUT_INVALID_OFFSETOF_MACRO = NO;
				GCC_WARN_ALLOW_INCOMPLETE_PROTOCOL = NO;
				GCC_WARN_UNINITIALIZED_AUTOS = NO;
				GCC_WARN_UNUSED_VALUE = NO;
				GCC_WARN_UNUSED_VARIABLE = NO;
				HEADER_SEARCH_PATHS = (
					"$(OF_CORE_HEADERS)",
					src,
				);
				MACOSX_DEPLOYMENT_TARGET = 10.6;
				OTHER_CPLUSPLUSFLAGS = (
					"-D__MACOSX_CORE__",
					"-lpthread",
					"-mtune=native",
				);
				SDKROOT = macosx;
			};
			name = Debug;
		};
		E4B69B4F0A3A1720003C02F2 /* Release */ = {
			isa = XCBuildConfiguration;
			baseConfigurationReference = E4EB6923138AFD0F00A09F29 /* Project.xcconfig */;
			buildSettings = {
				ARCHS = "$(NATIVE_ARCH)";
				CONFIGURATION_BUILD_DIR = "$(SRCROOT)/bin/";
				COPY_PHASE_STRIP = YES;
				DEAD_CODE_STRIPPING = YES;
				GCC_AUTO_VECTORIZATION = YES;
				GCC_ENABLE_SSE3_EXTENSIONS = YES;
				GCC_ENABLE_SUPPLEMENTAL_SSE3_INSTRUCTIONS = YES;
				GCC_INLINES_ARE_PRIVATE_EXTERN = NO;
				GCC_OPTIMIZATION_LEVEL = 3;
				GCC_SYMBOLS_PRIVATE_EXTERN = NO;
				GCC_UNROLL_LOOPS = YES;
				GCC_WARN_ABOUT_DEPRECATED_FUNCTIONS = YES;
				GCC_WARN_ABOUT_INVALID_OFFSETOF_MACRO = NO;
				GCC_WARN_ALLOW_INCOMPLETE_PROTOCOL = NO;
				GCC_WARN_UNINITIALIZED_AUTOS = NO;
				GCC_WARN_UNUSED_VALUE = NO;
				GCC_WARN_UNUSED_VARIABLE = NO;
				HEADER_SEARCH_PATHS = (
					"$(OF_CORE_HEADERS)",
					src,
				);
				MACOSX_DEPLOYMENT_TARGET = 10.6;
				OTHER_CPLUSPLUSFLAGS = (
					"-D__MACOSX_CORE__",
					"-lpthread",
					"-mtune=native",
				);
				SDKROOT = macosx;
			};
			name = Release;
		};
		E4B69B600A3A1757003C02F2 /* Debug */ = {
			isa = XCBuildConfiguration;
			buildSettings = {
				ARCHS = "$(ARCHS_STANDARD_32_BIT)";
				COMBINE_HIDPI_IMAGES = YES;
				COPY_PHASE_STRIP = NO;
				FRAMEWORK_SEARCH_PATHS = (
					"$(inherited)",
					"$(FRAMEWORK_SEARCH_PATHS_QUOTED_FOR_TARGET_1)",
				);
				FRAMEWORK_SEARCH_PATHS_QUOTED_FOR_TARGET_1 = "\"$(SRCROOT)/../../../libs/glut/lib/osx\"";
				GCC_DYNAMIC_NO_PIC = NO;
				GCC_GENERATE_DEBUGGING_SYMBOLS = YES;
				GCC_MODEL_TUNING = NONE;
				HEADER_SEARCH_PATHS = (
					"$(OF_CORE_HEADERS)",
					src,
					../../../addons/ofxAfterEffects/libs/Headers,
					../../../addons/ofxAfterEffects/libs/Util,
					../../../addons/ofxAfterEffects/libs/Headers/SP,
					../../../addons/ofxAfterEffects/libs/Resources,
				);
				ICON = "$(ICON_NAME_DEBUG)";
				ICON_FILE = "$(ICON_FILE_PATH)$(ICON)";
				INFOPLIST_FILE = "openFrameworks-Info.plist";
				INSTALL_PATH = "$(HOME)/Applications";
				LIBRARY_SEARCH_PATHS = (
					"$(inherited)",
					"$(LIBRARY_SEARCH_PATHS_QUOTED_FOR_TARGET_1)",
					"$(LIBRARY_SEARCH_PATHS_QUOTED_FOR_TARGET_2)",
					"$(LIBRARY_SEARCH_PATHS_QUOTED_FOR_TARGET_3)",
					"$(LIBRARY_SEARCH_PATHS_QUOTED_FOR_TARGET_4)",
					"$(LIBRARY_SEARCH_PATHS_QUOTED_FOR_TARGET_5)",
					"$(LIBRARY_SEARCH_PATHS_QUOTED_FOR_TARGET_6)",
					"$(LIBRARY_SEARCH_PATHS_QUOTED_FOR_TARGET_7)",
					"$(LIBRARY_SEARCH_PATHS_QUOTED_FOR_TARGET_8)",
					"$(LIBRARY_SEARCH_PATHS_QUOTED_FOR_TARGET_9)",
					"$(LIBRARY_SEARCH_PATHS_QUOTED_FOR_TARGET_10)",
					"$(LIBRARY_SEARCH_PATHS_QUOTED_FOR_TARGET_11)",
					"$(LIBRARY_SEARCH_PATHS_QUOTED_FOR_TARGET_12)",
					"$(LIBRARY_SEARCH_PATHS_QUOTED_FOR_TARGET_13)",
					"$(LIBRARY_SEARCH_PATHS_QUOTED_FOR_TARGET_14)",
					"$(LIBRARY_SEARCH_PATHS_QUOTED_FOR_TARGET_15)",
					"$(LIBRARY_SEARCH_PATHS_QUOTED_FOR_TARGET_2)",
					"$(LIBRARY_SEARCH_PATHS_QUOTED_FOR_TARGET_3)",
					"$(LIBRARY_SEARCH_PATHS_QUOTED_FOR_TARGET_7)",
					"$(LIBRARY_SEARCH_PATHS_QUOTED_FOR_TARGET_8)",
					"$(LIBRARY_SEARCH_PATHS_QUOTED_FOR_TARGET_9)",
					"$(LIBRARY_SEARCH_PATHS_QUOTED_FOR_TARGET_10)",
					"$(LIBRARY_SEARCH_PATHS_QUOTED_FOR_TARGET_11)",
					"$(LIBRARY_SEARCH_PATHS_QUOTED_FOR_TARGET_12)",
					"$(LIBRARY_SEARCH_PATHS_QUOTED_FOR_TARGET_13)",
					"$(LIBRARY_SEARCH_PATHS_QUOTED_FOR_TARGET_16)",
					"$(LIBRARY_SEARCH_PATHS_QUOTED_FOR_TARGET_17)",
					"$(LIBRARY_SEARCH_PATHS_QUOTED_FOR_TARGET_18)",
					"$(LIBRARY_SEARCH_PATHS_QUOTED_FOR_TARGET_19)",
					"$(LIBRARY_SEARCH_PATHS_QUOTED_FOR_TARGET_20)",
					"$(LIBRARY_SEARCH_PATHS_QUOTED_FOR_TARGET_21)",
					"$(LIBRARY_SEARCH_PATHS_QUOTED_FOR_TARGET_22)",
					"$(LIBRARY_SEARCH_PATHS_QUOTED_FOR_TARGET_23)",
					"$(LIBRARY_SEARCH_PATHS_QUOTED_FOR_TARGET_24)",
					"$(LIBRARY_SEARCH_PATHS_QUOTED_FOR_TARGET_25)",
					"$(LIBRARY_SEARCH_PATHS_QUOTED_FOR_TARGET_26)",
					"$(LIBRARY_SEARCH_PATHS_QUOTED_FOR_TARGET_27)",
					"$(LIBRARY_SEARCH_PATHS_QUOTED_FOR_TARGET_28)",
					"$(LIBRARY_SEARCH_PATHS_QUOTED_FOR_TARGET_29)",
					"$(LIBRARY_SEARCH_PATHS_QUOTED_FOR_TARGET_30)",
					"$(LIBRARY_SEARCH_PATHS_QUOTED_FOR_TARGET_31)",
					"$(LIBRARY_SEARCH_PATHS_QUOTED_FOR_TARGET_32)",
					"$(LIBRARY_SEARCH_PATHS_QUOTED_FOR_TARGET_33)",
					"$(LIBRARY_SEARCH_PATHS_QUOTED_FOR_TARGET_34)",
					"$(LIBRARY_SEARCH_PATHS_QUOTED_FOR_TARGET_35)",
					"$(LIBRARY_SEARCH_PATHS_QUOTED_FOR_TARGET_36)",
					"$(LIBRARY_SEARCH_PATHS_QUOTED_FOR_TARGET_37)",
					"$(LIBRARY_SEARCH_PATHS_QUOTED_FOR_TARGET_38)",
					"$(LIBRARY_SEARCH_PATHS_QUOTED_FOR_TARGET_39)",
					"$(LIBRARY_SEARCH_PATHS_QUOTED_FOR_TARGET_40)",
					"$(LIBRARY_SEARCH_PATHS_QUOTED_FOR_TARGET_41)",
					"$(LIBRARY_SEARCH_PATHS_QUOTED_FOR_TARGET_42)",
					"$(LIBRARY_SEARCH_PATHS_QUOTED_FOR_TARGET_43)",
					"$(LIBRARY_SEARCH_PATHS_QUOTED_FOR_TARGET_44)",
					"$(LIBRARY_SEARCH_PATHS_QUOTED_FOR_TARGET_45)",
					"$(LIBRARY_SEARCH_PATHS_QUOTED_FOR_TARGET_46)",
					"$(LIBRARY_SEARCH_PATHS_QUOTED_FOR_TARGET_47)",
					"$(LIBRARY_SEARCH_PATHS_QUOTED_FOR_TARGET_48)",
					"$(LIBRARY_SEARCH_PATHS_QUOTED_FOR_TARGET_49)",
					"$(LIBRARY_SEARCH_PATHS_QUOTED_FOR_TARGET_50)",
					"$(LIBRARY_SEARCH_PATHS_QUOTED_FOR_TARGET_51)",
					"$(LIBRARY_SEARCH_PATHS_QUOTED_FOR_TARGET_52)",
				);
				PRODUCT_NAME = exampleDebug;
				SDKROOT = macosx10.8;
				WRAPPER_EXTENSION = app;
			};
			name = Debug;
		};
		E4B69B610A3A1757003C02F2 /* Release */ = {
			isa = XCBuildConfiguration;
			buildSettings = {
				ARCHS = "$(ARCHS_STANDARD_32_BIT)";
				COMBINE_HIDPI_IMAGES = YES;
				COPY_PHASE_STRIP = YES;
				FRAMEWORK_SEARCH_PATHS = (
					"$(inherited)",
					"$(FRAMEWORK_SEARCH_PATHS_QUOTED_FOR_TARGET_1)",
				);
				FRAMEWORK_SEARCH_PATHS_QUOTED_FOR_TARGET_1 = "\"$(SRCROOT)/../../../libs/glut/lib/osx\"";
				GCC_GENERATE_DEBUGGING_SYMBOLS = YES;
				GCC_MODEL_TUNING = NONE;
				HEADER_SEARCH_PATHS = (
					"$(OF_CORE_HEADERS)",
					src,
					../../../addons/ofxAfterEffects/libs/Headers,
					../../../addons/ofxAfterEffects/libs/Util,
					../../../addons/ofxAfterEffects/libs/Headers/SP,
					../../../addons/ofxAfterEffects/libs/Resources,
				);
				ICON = "$(ICON_NAME_RELEASE)";
				ICON_FILE = "$(ICON_FILE_PATH)$(ICON)";
				INFOPLIST_FILE = "openFrameworks-Info.plist";
				INSTALL_PATH = "$(HOME)/Applications";
				LIBRARY_SEARCH_PATHS = (
					"$(inherited)",
					"$(LIBRARY_SEARCH_PATHS_QUOTED_FOR_TARGET_1)",
					"$(LIBRARY_SEARCH_PATHS_QUOTED_FOR_TARGET_2)",
					"$(LIBRARY_SEARCH_PATHS_QUOTED_FOR_TARGET_3)",
					"$(LIBRARY_SEARCH_PATHS_QUOTED_FOR_TARGET_4)",
					"$(LIBRARY_SEARCH_PATHS_QUOTED_FOR_TARGET_5)",
					"$(LIBRARY_SEARCH_PATHS_QUOTED_FOR_TARGET_6)",
					"$(LIBRARY_SEARCH_PATHS_QUOTED_FOR_TARGET_7)",
					"$(LIBRARY_SEARCH_PATHS_QUOTED_FOR_TARGET_8)",
					"$(LIBRARY_SEARCH_PATHS_QUOTED_FOR_TARGET_9)",
					"$(LIBRARY_SEARCH_PATHS_QUOTED_FOR_TARGET_10)",
					"$(LIBRARY_SEARCH_PATHS_QUOTED_FOR_TARGET_11)",
					"$(LIBRARY_SEARCH_PATHS_QUOTED_FOR_TARGET_12)",
					"$(LIBRARY_SEARCH_PATHS_QUOTED_FOR_TARGET_13)",
					"$(LIBRARY_SEARCH_PATHS_QUOTED_FOR_TARGET_14)",
					"$(LIBRARY_SEARCH_PATHS_QUOTED_FOR_TARGET_15)",
					"$(LIBRARY_SEARCH_PATHS_QUOTED_FOR_TARGET_2)",
					"$(LIBRARY_SEARCH_PATHS_QUOTED_1)",
					"$(LIBRARY_SEARCH_PATHS_QUOTED_FOR_TARGET_3)",
					"$(LIBRARY_SEARCH_PATHS_QUOTED_FOR_TARGET_7)",
					"$(LIBRARY_SEARCH_PATHS_QUOTED_FOR_TARGET_8)",
					"$(LIBRARY_SEARCH_PATHS_QUOTED_FOR_TARGET_9)",
					"$(LIBRARY_SEARCH_PATHS_QUOTED_FOR_TARGET_10)",
					"$(LIBRARY_SEARCH_PATHS_QUOTED_FOR_TARGET_11)",
					"$(LIBRARY_SEARCH_PATHS_QUOTED_FOR_TARGET_12)",
					"$(LIBRARY_SEARCH_PATHS_QUOTED_FOR_TARGET_13)",
					"$(LIBRARY_SEARCH_PATHS_QUOTED_FOR_TARGET_16)",
					"$(LIBRARY_SEARCH_PATHS_QUOTED_FOR_TARGET_17)",
					"$(LIBRARY_SEARCH_PATHS_QUOTED_FOR_TARGET_18)",
					"$(LIBRARY_SEARCH_PATHS_QUOTED_FOR_TARGET_19)",
					"$(LIBRARY_SEARCH_PATHS_QUOTED_FOR_TARGET_20)",
					"$(LIBRARY_SEARCH_PATHS_QUOTED_FOR_TARGET_21)",
					"$(LIBRARY_SEARCH_PATHS_QUOTED_FOR_TARGET_22)",
					"$(LIBRARY_SEARCH_PATHS_QUOTED_FOR_TARGET_23)",
					"$(LIBRARY_SEARCH_PATHS_QUOTED_FOR_TARGET_24)",
					"$(LIBRARY_SEARCH_PATHS_QUOTED_FOR_TARGET_25)",
					"$(LIBRARY_SEARCH_PATHS_QUOTED_FOR_TARGET_26)",
					"$(LIBRARY_SEARCH_PATHS_QUOTED_FOR_TARGET_27)",
					"$(LIBRARY_SEARCH_PATHS_QUOTED_FOR_TARGET_28)",
					"$(LIBRARY_SEARCH_PATHS_QUOTED_FOR_TARGET_29)",
					"$(LIBRARY_SEARCH_PATHS_QUOTED_FOR_TARGET_30)",
					"$(LIBRARY_SEARCH_PATHS_QUOTED_FOR_TARGET_31)",
					"$(LIBRARY_SEARCH_PATHS_QUOTED_FOR_TARGET_32)",
					"$(LIBRARY_SEARCH_PATHS_QUOTED_FOR_TARGET_33)",
					"$(LIBRARY_SEARCH_PATHS_QUOTED_FOR_TARGET_34)",
					"$(LIBRARY_SEARCH_PATHS_QUOTED_FOR_TARGET_35)",
					"$(LIBRARY_SEARCH_PATHS_QUOTED_FOR_TARGET_36)",
					"$(LIBRARY_SEARCH_PATHS_QUOTED_FOR_TARGET_37)",
					"$(LIBRARY_SEARCH_PATHS_QUOTED_FOR_TARGET_38)",
					"$(LIBRARY_SEARCH_PATHS_QUOTED_FOR_TARGET_39)",
					"$(LIBRARY_SEARCH_PATHS_QUOTED_FOR_TARGET_40)",
					"$(LIBRARY_SEARCH_PATHS_QUOTED_FOR_TARGET_41)",
					"$(LIBRARY_SEARCH_PATHS_QUOTED_FOR_TARGET_42)",
					"$(LIBRARY_SEARCH_PATHS_QUOTED_FOR_TARGET_43)",
					"$(LIBRARY_SEARCH_PATHS_QUOTED_FOR_TARGET_44)",
					"$(LIBRARY_SEARCH_PATHS_QUOTED_FOR_TARGET_45)",
					"$(LIBRARY_SEARCH_PATHS_QUOTED_FOR_TARGET_46)",
					"$(LIBRARY_SEARCH_PATHS_QUOTED_FOR_TARGET_47)",
					"$(LIBRARY_SEARCH_PATHS_QUOTED_FOR_TARGET_48)",
					"$(LIBRARY_SEARCH_PATHS_QUOTED_FOR_TARGET_49)",
					"$(LIBRARY_SEARCH_PATHS_QUOTED_FOR_TARGET_50)",
					"$(LIBRARY_SEARCH_PATHS_QUOTED_FOR_TARGET_51)",
				);
				PRODUCT_NAME = example;
				SDKROOT = macosx10.8;
				WRAPPER_EXTENSION = app;
			};
			name = Release;
		};
/* End XCBuildConfiguration section */

/* Begin XCConfigurationList section */
		676F4E2C182D9ED200E1687F /* Build configuration list for PBXNativeTarget "plugin" */ = {
			isa = XCConfigurationList;
			buildConfigurations = (
				676F4E2A182D9ED200E1687F /* Debug */,
				676F4E2B182D9ED200E1687F /* Release */,
			);
			defaultConfigurationIsVisible = 0;
		};
		E4B69B4D0A3A1720003C02F2 /* Build configuration list for PBXProject "example" */ = {
			isa = XCConfigurationList;
			buildConfigurations = (
				E4B69B4E0A3A1720003C02F2 /* Debug */,
				E4B69B4F0A3A1720003C02F2 /* Release */,
			);
			defaultConfigurationIsVisible = 0;
			defaultConfigurationName = Release;
		};
		E4B69B5F0A3A1757003C02F2 /* Build configuration list for PBXNativeTarget "example" */ = {
			isa = XCConfigurationList;
			buildConfigurations = (
				E4B69B600A3A1757003C02F2 /* Debug */,
				E4B69B610A3A1757003C02F2 /* Release */,
			);
			defaultConfigurationIsVisible = 0;
			defaultConfigurationName = Release;
		};
/* End XCConfigurationList section */
	};
	rootObject = E4B69B4C0A3A1720003C02F2 /* Project object */;
}
